
Microsoft Visual Studio Solution File, Format Version 12.00
# Visual Studio Version 16
VisualStudioVersion = 25.0.1705.0
MinimumVisualStudioVersion = 10.0.40219.1
Project("{FAE04EC0-301F-11D3-BF4B-00C04F79EFBC}") = "WeddingFO", "WeddingFO\WeddingFO.csproj", "{398FFE69-A5E3-41B6-B090-E4FBF0F33AA2}"
EndProject
Project("{FAE04EC0-301F-11D3-BF4B-00C04F79EFBC}") = "WeddingBO", "WeddingBO\WeddingBO.csproj", "{64142813-F998-4D59-9EBF-D7C1E50A9736}"
EndProject
Global
	GlobalSection(SolutionConfigurationPlatforms) = preSolution
		Debug|Any CPU = Debug|Any CPU
		Release|Any CPU = Release|Any CPU
	EndGlobalSection
	GlobalSection(ProjectConfigurationPlatforms) = postSolution
		{398FFE69-A5E3-41B6-B090-E4FBF0F33AA2}.Debug|Any CPU.ActiveCfg = Debug|Any CPU
		{398FFE69-A5E3-41B6-B090-E4FBF0F33AA2}.Debug|Any CPU.Build.0 = Debug|Any CPU
		{398FFE69-A5E3-41B6-B090-E4FBF0F33AA2}.Release|Any CPU.ActiveCfg = Release|Any CPU
		{398FFE69-A5E3-41B6-B090-E4FBF0F33AA2}.Release|Any CPU.Build.0 = Release|Any CPU
		{64142813-F998-4D59-9EBF-D7C1E50A9736}.Debug|Any CPU.ActiveCfg = Debug|Any CPU
		{64142813-F998-4D59-9EBF-D7C1E50A9736}.Debug|Any CPU.Build.0 = Debug|Any CPU
		{64142813-F998-4D59-9EBF-D7C1E50A9736}.Release|Any CPU.ActiveCfg = Release|Any CPU
		{64142813-F998-4D59-9EBF-D7C1E50A9736}.Release|Any CPU.Build.0 = Release|Any CPU
	EndGlobalSection
	GlobalSection(SolutionProperties) = preSolution
		HideSolutionNode = FALSE
	EndGlobalSection
	GlobalSection(ExtensibilityGlobals) = postSolution
		SolutionGuid = {D3952D8D-8DE5-499B-BB29-F63C4BE03976}
	EndGlobalSection
EndGlobal
